# This file is automatically @generated by Cargo.
# It is not intended for manual editing.
version = 4

[[package]]
name = "tron-apis"
version = "0.0.0"
dependencies = [
 "tron-config",
 "tron-execution",
 "tron-primitives",
 "tron-protocol",
 "tron-state",
]

[[package]]
name = "tron-config"
version = "0.0.0"
dependencies = [
 "tron-primitives",
]

[[package]]
name = "tron-consensus"
version = "0.0.0"
dependencies = [
 "tron-config",
 "tron-crypto",
 "tron-execution",
 "tron-primitives",
 "tron-protocol",
 "tron-state",
]

[[package]]
name = "tron-crypto"
version = "0.0.0"
dependencies = [
 "tron-primitives",
]

[[package]]
name = "tron-events-metrics"
version = "0.0.0"
dependencies = [
 "tron-config",
 "tron-execution",
 "tron-primitives",
 "tron-protocol",
 "tron-state",
]

[[package]]
name = "tron-execution"
version = "0.0.0"
dependencies = [
 "tron-config",
 "tron-crypto",
 "tron-primitives",
 "tron-protocol",
 "tron-state",
 "tron-tvm",
]

[[package]]
name = "tron-network"
version = "0.0.0"
dependencies = [
 "tron-config",
 "tron-consensus",
 "tron-execution",
 "tron-primitives",
 "tron-protocol",
 "tron-state",
]

[[package]]
name = "tron-node"
version = "0.0.0"
dependencies = [
 "tron-apis",
 "tron-config",
 "tron-consensus",
 "tron-crypto",
 "tron-events-metrics",
 "tron-execution",
 "tron-network",
 "tron-primitives",
 "tron-protocol",
 "tron-shielded",
 "tron-state",
 "tron-storage",
 "tron-tvm",
]

[[package]]
name = "tron-primitives"
version = "0.0.0"

[[package]]
name = "tron-protocol"
version = "0.0.0"

[[package]]
name = "tron-shielded"
version = "0.0.0"
dependencies = [
 "tron-crypto",
 "tron-primitives",
]

[[package]]
name = "tron-state"
version = "0.0.0"
dependencies = [
 "tron-crypto",
 "tron-primitives",
 "tron-protocol",
 "tron-storage",
]

[[package]]
name = "tron-storage"
version = "0.0.0"
dependencies = [
 "tron-config",
 "tron-primitives",
]

[[package]]
name = "tron-toolkit"
version = "0.0.0"
dependencies = [
 "tron-config",
 "tron-crypto",
 "tron-primitives",
 "tron-protocol",
 "tron-state",
 "tron-storage",
]

[[package]]
name = "tron-tvm"
version = "0.0.0"
dependencies = [
 "tron-crypto",
 "tron-primitives",
 "tron-protocol",
 "tron-shielded",
 "tron-state",
]
